Microsoft Visual Studio Solution File, Format Version 11.00
# Visual Studio 2010
Project("{8BC9CEB8-8B4A-11D0-8D11-00A0C91BC942}") = "SampleBrowser", "Samples\Browser\SampleBrowser.vcxproj", "{C976F6A0-D880-4E41-9574-7229A7BDCDFC}"
	ProjectSection(ProjectDependencies) = postProject
		{3E4779C3-C89E-4B7F-AD83-28251B317415} = {3E4779C3-C89E-4B7F-AD83-28251B317415}
		{432F4496-2E7F-4355-BFC8-20AAC78B41E8} = {432F4496-2E7F-4355-BFC8-20AAC78B41E8}
		{1C1CFA83-52B2-4688-AEDF-846A79BADABF} = {1C1CFA83-52B2-4688-AEDF-846A79BADABF}
		{0BD752AA-1CA9-4CD3-84B4-697B2F3FDDF7} = {0BD752AA-1CA9-4CD3-84B4-697B2F3FDDF7}
		{88D64594-EA43-4DAB-84B2-5E74D0619EA8} = {88D64594-EA43-4DAB-84B2-5E74D0619EA8}
		{FCB5761D-CEA3-4E00-8C5C-DC2694004DF7} = {FCB5761D-CEA3-4E00-8C5C-DC2694004DF7}
		{7717C2F6-3A51-40AE-8D36-F72C803DD12B} = {7717C2F6-3A51-40AE-8D36-F72C803DD12B}
		{60BCD09E-69C5-4A31-A2AA-ED2416F27ADC} = {60BCD09E-69C5-4A31-A2AA-ED2416F27ADC}
		{86B03F64-B72C-4CEE-BEEE-18128CD77145} = {86B03F64-B72C-4CEE-BEEE-18128CD77145}
		{037B418E-8E93-4769-B810-6BFF3CA6B4EE} = {037B418E-8E93-4769-B810-6BFF3CA6B4EE}
		{152114B5-945D-4E34-9007-1337B0B51E91} = {152114B5-945D-4E34-9007-1337B0B51E91}
		{8C72C676-C19B-4A0D-9DD1-6CF0C345D53E} = {8C72C676-C19B-4A0D-9DD1-6CF0C345D53E}
		{6C1B326D-99E1-4320-A853-699300E85E18} = {6C1B326D-99E1-4320-A853-699300E85E18}
		{0E07A93B-E6C0-474D-84E2-A9206743924D} = {0E07A93B-E6C0-474D-84E2-A9206743924D}
		{03EE9987-1DC6-4E97-B784-0BC782C60AB7} = {03EE9987-1DC6-4E97-B784-0BC782C60AB7}
		{EEE4A7FB-5C58-4584-91EA-4B1FD87D3E09} = {EEE4A7FB-5C58-4584-91EA-4B1FD87D3E09}
		{6A7FC3F2-09D9-4879-8831-FC20F09C79FF} = {6A7FC3F2-09D9-4879-8831-FC20F09C79FF}
		{4FDD39B6-9BD7-44D9-8037-5C0CE42FF30E} = {4FDD39B6-9BD7-44D9-8037-5C0CE42FF30E}
		{79721362-0FCC-4991-9A93-0CB9C57586D4} = {79721362-0FCC-4991-9A93-0CB9C57586D4}
		{F7671C3D-C296-4159-B23E-7039D6241BF9} = {F7671C3D-C296-4159-B23E-7039D6241BF9}
		{8262CE12-520E-4570-8942-A98B8E8889DB} = {8262CE12-520E-4570-8942-A98B8E8889DB}
		{F1D80B48-06CD-46EE-9209-44B824530A30} = {F1D80B48-06CD-46EE-9209-44B824530A30}
		{4CA68C89-D1EE-4F93-9B45-B5148F6AE9C9} = {4CA68C89-D1EE-4F93-9B45-B5148F6AE9C9}
		{46BEF895-5A97-4725-B857-07E485D60C3D} = {46BEF895-5A97-4725-B857-07E485D60C3D}
		{F215A9EF-206E-4652-AB64-F22B9CFF1D60} = {F215A9EF-206E-4652-AB64-F22B9CFF1D60}
		{41A7C130-54FF-431F-8264-AA8233C7DB88} = {41A7C130-54FF-431F-8264-AA8233C7DB88}
		{0706C30B-27AC-4E95-B0C1-ED225C90EE05} = {0706C30B-27AC-4E95-B0C1-ED225C90EE05}
		{41F65785-596E-4812-A3FF-0C97AC5D0B96} = {41F65785-596E-4812-A3FF-0C97AC5D0B96}
		{B1B0E3D6-9BDE-4390-8C47-AB26BD18B298} = {B1B0E3D6-9BDE-4390-8C47-AB26BD18B298}
		{1B6D7086-B8B1-481C-864A-3B1063C14292} = {1B6D7086-B8B1-481C-864A-3B1063C14292}
		{1A0EA572-46F3-44F6-A9A8-D2500DDFA74C} = {1A0EA572-46F3-44F6-A9A8-D2500DDFA74C}
		{72849293-7F3E-45C3-A31A-F44F7A95F659} = {72849293-7F3E-45C3-A31A-F44F7A95F659}
		{30C0D547-9E43-4561-899D-6B4A770FFCDE} = {30C0D547-9E43-4561-899D-6B4A770FFCDE}
	EndProjectSection
EndProject
Project("{8BC9CEB8-8B4A-11D0-8D11-00A0C91BC942}") = "Sample_BSP", "Samples\BSP\Sample_BSP.vcxproj", "{3E4779C3-C89E-4B7F-AD83-28251B317415}"
	ProjectSection(ProjectDependencies) = postProject
		{30C0D547-9E43-4561-899D-6B4A770FFCDE} = {30C0D547-9E43-4561-899D-6B4A770FFCDE}
	EndProjectSection
EndProject
Project("{8BC9CEB8-8B4A-11D0-8D11-00A0C91BC942}") = "Sample_BezierPatch", "Samples\BezierPatch\Sample_BezierPatch.vcxproj", "{432F4496-2E7F-4355-BFC8-20AAC78B41E8}"
	ProjectSection(ProjectDependencies) = postProject
		{30C0D547-9E43-4561-899D-6B4A770FFCDE} = {30C0D547-9E43-4561-899D-6B4A770FFCDE}
	EndProjectSection
EndProject
Project("{8BC9CEB8-8B4A-11D0-8D11-00A0C91BC942}") = "Sample_CameraTrack", "Samples\CameraTrack\Sample_CameraTrack.vcxproj", "{1C1CFA83-52B2-4688-AEDF-846A79BADABF}"
	ProjectSection(ProjectDependencies) = postProject
		{30C0D547-9E43-4561-899D-6B4A770FFCDE} = {30C0D547-9E43-4561-899D-6B4A770FFCDE}
	EndProjectSection
EndProject
Project("{8BC9CEB8-8B4A-11D0-8D11-00A0C91BC942}") = "Sample_CelShading", "Samples\CelShading\Sample_CelShading.vcxproj", "{0BD752AA-1CA9-4CD3-84B4-697B2F3FDDF7}"
	ProjectSection(ProjectDependencies) = postProject
		{30C0D547-9E43-4561-899D-6B4A770FFCDE} = {30C0D547-9E43-4561-899D-6B4A770FFCDE}
	EndProjectSection
EndProject
Project("{8BC9CEB8-8B4A-11D0-8D11-00A0C91BC942}") = "Sample_Character", "Samples\Character\Sample_Character.vcxproj", "{88D64594-EA43-4DAB-84B2-5E74D0619EA8}"
	ProjectSection(ProjectDependencies) = postProject
		{30C0D547-9E43-4561-899D-6B4A770FFCDE} = {30C0D547-9E43-4561-899D-6B4A770FFCDE}
	EndProjectSection
EndProject
Project("{8BC9CEB8-8B4A-11D0-8D11-00A0C91BC942}") = "Sample_Compositor", "Samples\Compositor\Sample_Compositor.vcxproj", "{FCB5761D-CEA3-4E00-8C5C-DC2694004DF7}"
	ProjectSection(ProjectDependencies) = postProject
		{30C0D547-9E43-4561-899D-6B4A770FFCDE} = {30C0D547-9E43-4561-899D-6B4A770FFCDE}
	EndProjectSection
EndProject
Project("{8BC9CEB8-8B4A-11D0-8D11-00A0C91BC942}") = "Sample_CubeMapping", "Samples\CubeMapping\Sample_CubeMapping.vcxproj", "{7717C2F6-3A51-40AE-8D36-F72C803DD12B}"
	ProjectSection(ProjectDependencies) = postProject
		{30C0D547-9E43-4561-899D-6B4A770FFCDE} = {30C0D547-9E43-4561-899D-6B4A770FFCDE}
	EndProjectSection
EndProject
Project("{8BC9CEB8-8B4A-11D0-8D11-00A0C91BC942}") = "Sample_DeferredShading", "Samples\DeferredShading\Sample_DeferredShading.vcxproj", "{60BCD09E-69C5-4A31-A2AA-ED2416F27ADC}"
	ProjectSection(ProjectDependencies) = postProject
		{30C0D547-9E43-4561-899D-6B4A770FFCDE} = {30C0D547-9E43-4561-899D-6B4A770FFCDE}
	EndProjectSection
EndProject
Project("{8BC9CEB8-8B4A-11D0-8D11-00A0C91BC942}") = "Sample_Dot3Bump", "Samples\Dot3Bump\Sample_Dot3Bump.vcxproj", "{86B03F64-B72C-4CEE-BEEE-18128CD77145}"
	ProjectSection(ProjectDependencies) = postProject
		{30C0D547-9E43-4561-899D-6B4A770FFCDE} = {30C0D547-9E43-4561-899D-6B4A770FFCDE}
	EndProjectSection
EndProject
Project("{8BC9CEB8-8B4A-11D0-8D11-00A0C91BC942}") = "Sample_DynTex", "Samples\DynTex\Sample_DynTex.vcxproj", "{037B418E-8E93-4769-B810-6BFF3CA6B4EE}"
	ProjectSection(ProjectDependencies) = postProject
		{30C0D547-9E43-4561-899D-6B4A770FFCDE} = {30C0D547-9E43-4561-899D-6B4A770FFCDE}
	EndProjectSection
EndProject
Project("{8BC9CEB8-8B4A-11D0-8D11-00A0C91BC942}") = "Sample_FacialAnimation", "Samples\FacialAnimation\Sample_FacialAnimation.vcxproj", "{152114B5-945D-4E34-9007-1337B0B51E91}"
	ProjectSection(ProjectDependencies) = postProject
		{30C0D547-9E43-4561-899D-6B4A770FFCDE} = {30C0D547-9E43-4561-899D-6B4A770FFCDE}
	EndProjectSection
EndProject
Project("{8BC9CEB8-8B4A-11D0-8D11-00A0C91BC942}") = "Sample_Fresnel", "Samples\Fresnel\Sample_Fresnel.vcxproj", "{8C72C676-C19B-4A0D-9DD1-6CF0C345D53E}"
	ProjectSection(ProjectDependencies) = postProject
		{30C0D547-9E43-4561-899D-6B4A770FFCDE} = {30C0D547-9E43-4561-899D-6B4A770FFCDE}
	EndProjectSection
EndProject
Project("{8BC9CEB8-8B4A-11D0-8D11-00A0C91BC942}") = "Sample_Grass", "Samples\Grass\Sample_Grass.vcxproj", "{6C1B326D-99E1-4320-A853-699300E85E18}"
	ProjectSection(ProjectDependencies) = postProject
		{30C0D547-9E43-4561-899D-6B4A770FFCDE} = {30C0D547-9E43-4561-899D-6B4A770FFCDE}
	EndProjectSection
EndProject
Project("{8BC9CEB8-8B4A-11D0-8D11-00A0C91BC942}") = "Sample_Instancing", "Samples\Instancing\Sample_Instancing.vcxproj", "{0E07A93B-E6C0-474D-84E2-A9206743924D}"
	ProjectSection(ProjectDependencies) = postProject
		{30C0D547-9E43-4561-899D-6B4A770FFCDE} = {30C0D547-9E43-4561-899D-6B4A770FFCDE}
	EndProjectSection
EndProject
Project("{8BC9CEB8-8B4A-11D0-8D11-00A0C91BC942}") = "Sample_Isosurf", "Samples\Isosurf\Sample_Isosurf.vcxproj", "{03EE9987-1DC6-4E97-B784-0BC782C60AB7}"
	ProjectSection(ProjectDependencies) = postProject
		{30C0D547-9E43-4561-899D-6B4A770FFCDE} = {30C0D547-9E43-4561-899D-6B4A770FFCDE}
	EndProjectSection
EndProject
Project("{8BC9CEB8-8B4A-11D0-8D11-00A0C91BC942}") = "Sample_Lighting", "Samples\Lighting\Sample_Lighting.vcxproj", "{EEE4A7FB-5C58-4584-91EA-4B1FD87D3E09}"
	ProjectSection(ProjectDependencies) = postProject
		{30C0D547-9E43-4561-899D-6B4A770FFCDE} = {30C0D547-9E43-4561-899D-6B4A770FFCDE}
	EndProjectSection
EndProject
Project("{8BC9CEB8-8B4A-11D0-8D11-00A0C91BC942}") = "Sample_Ocean", "Samples\OceanDemo\Sample_Ocean.vcxproj", "{6A7FC3F2-09D9-4879-8831-FC20F09C79FF}"
	ProjectSection(ProjectDependencies) = postProject
		{30C0D547-9E43-4561-899D-6B4A770FFCDE} = {30C0D547-9E43-4561-899D-6B4A770FFCDE}
	EndProjectSection
EndProject
Project("{8BC9CEB8-8B4A-11D0-8D11-00A0C91BC942}") = "Sample_ParticleFX", "Samples\ParticleFX\Sample_ParticleFX.vcxproj", "{4FDD39B6-9BD7-44D9-8037-5C0CE42FF30E}"
	ProjectSection(ProjectDependencies) = postProject
		{30C0D547-9E43-4561-899D-6B4A770FFCDE} = {30C0D547-9E43-4561-899D-6B4A770FFCDE}
	EndProjectSection
EndProject
Project("{8BC9CEB8-8B4A-11D0-8D11-00A0C91BC942}") = "Sample_ParticleGS", "Samples\ParticleGS\Sample_ParticleGS.vcxproj", "{79721362-0FCC-4991-9A93-0CB9C57586D4}"
	ProjectSection(ProjectDependencies) = postProject
		{30C0D547-9E43-4561-899D-6B4A770FFCDE} = {30C0D547-9E43-4561-899D-6B4A770FFCDE}
	EndProjectSection
EndProject
Project("{8BC9CEB8-8B4A-11D0-8D11-00A0C91BC942}") = "Sample_ShaderSystem", "Samples\ShaderSystem\Sample_ShaderSystem.vcxproj", "{F7671C3D-C296-4159-B23E-7039D6241BF9}"
	ProjectSection(ProjectDependencies) = postProject
		{30C0D547-9E43-4561-899D-6B4A770FFCDE} = {30C0D547-9E43-4561-899D-6B4A770FFCDE}
	EndProjectSection
EndProject
Project("{8BC9CEB8-8B4A-11D0-8D11-00A0C91BC942}") = "Sample_Shadows", "Samples\Shadows\Sample_Shadows.vcxproj", "{8262CE12-520E-4570-8942-A98B8E8889DB}"
	ProjectSection(ProjectDependencies) = postProject
		{30C0D547-9E43-4561-899D-6B4A770FFCDE} = {30C0D547-9E43-4561-899D-6B4A770FFCDE}
	EndProjectSection
EndProject
Project("{8BC9CEB8-8B4A-11D0-8D11-00A0C91BC942}") = "Sample_SkeletalAnimation", "Samples\SkeletalAnimation\Sample_SkeletalAnimation.vcxproj", "{F1D80B48-06CD-46EE-9209-44B824530A30}"
	ProjectSection(ProjectDependencies) = postProject
		{30C0D547-9E43-4561-899D-6B4A770FFCDE} = {30C0D547-9E43-4561-899D-6B4A770FFCDE}
	EndProjectSection
EndProject
Project("{8BC9CEB8-8B4A-11D0-8D11-00A0C91BC942}") = "Sample_SkyBox", "Samples\SkyBox\Sample_SkyBox.vcxproj", "{4CA68C89-D1EE-4F93-9B45-B5148F6AE9C9}"
	ProjectSection(ProjectDependencies) = postProject
		{30C0D547-9E43-4561-899D-6B4A770FFCDE} = {30C0D547-9E43-4561-899D-6B4A770FFCDE}
	EndProjectSection
EndProject
Project("{8BC9CEB8-8B4A-11D0-8D11-00A0C91BC942}") = "Sample_SkyDome", "Samples\SkyDome\Sample_SkyDome.vcxproj", "{46BEF895-5A97-4725-B857-07E485D60C3D}"
	ProjectSection(ProjectDependencies) = postProject
		{30C0D547-9E43-4561-899D-6B4A770FFCDE} = {30C0D547-9E43-4561-899D-6B4A770FFCDE}
	EndProjectSection
EndProject
Project("{8BC9CEB8-8B4A-11D0-8D11-00A0C91BC942}") = "Sample_SkyPlane", "Samples\SkyPlane\Sample_SkyPlane.vcxproj", "{F215A9EF-206E-4652-AB64-F22B9CFF1D60}"
	ProjectSection(ProjectDependencies) = postProject
		{30C0D547-9E43-4561-899D-6B4A770FFCDE} = {30C0D547-9E43-4561-899D-6B4A770FFCDE}
	EndProjectSection
EndProject
Project("{8BC9CEB8-8B4A-11D0-8D11-00A0C91BC942}") = "Sample_Smoke", "Samples\Smoke\Sample_Smoke.vcxproj", "{41A7C130-54FF-431F-8264-AA8233C7DB88}"
	ProjectSection(ProjectDependencies) = postProject
		{30C0D547-9E43-4561-899D-6B4A770FFCDE} = {30C0D547-9E43-4561-899D-6B4A770FFCDE}
	EndProjectSection
EndProject
Project("{8BC9CEB8-8B4A-11D0-8D11-00A0C91BC942}") = "Sample_SphereMapping", "Samples\SphereMapping\Sample_SphereMapping.vcxproj", "{0706C30B-27AC-4E95-B0C1-ED225C90EE05}"
	ProjectSection(ProjectDependencies) = postProject
		{30C0D547-9E43-4561-899D-6B4A770FFCDE} = {30C0D547-9E43-4561-899D-6B4A770FFCDE}
	EndProjectSection
EndProject
Project("{8BC9CEB8-8B4A-11D0-8D11-00A0C91BC942}") = "Sample_Terrain", "Samples\Terrain\Sample_Terrain.vcxproj", "{41F65785-596E-4812-A3FF-0C97AC5D0B96}"
	ProjectSection(ProjectDependencies) = postProject
		{30C0D547-9E43-4561-899D-6B4A770FFCDE} = {30C0D547-9E43-4561-899D-6B4A770FFCDE}
	EndProjectSection
EndProject
Project("{8BC9CEB8-8B4A-11D0-8D11-00A0C91BC942}") = "Sample_TextureFX", "Samples\TextureFX\Sample_TextureFX.vcxproj", "{B1B0E3D6-9BDE-4390-8C47-AB26BD18B298}"
	ProjectSection(ProjectDependencies) = postProject
		{30C0D547-9E43-4561-899D-6B4A770FFCDE} = {30C0D547-9E43-4561-899D-6B4A770FFCDE}
	EndProjectSection
EndProject
Project("{8BC9CEB8-8B4A-11D0-8D11-00A0C91BC942}") = "Sample_Transparency", "Samples\Transparency\Sample_Transparency.vcxproj", "{1B6D7086-B8B1-481C-864A-3B1063C14292}"
	ProjectSection(ProjectDependencies) = postProject
		{30C0D547-9E43-4561-899D-6B4A770FFCDE} = {30C0D547-9E43-4561-899D-6B4A770FFCDE}
	EndProjectSection
EndProject
Project("{8BC9CEB8-8B4A-11D0-8D11-00A0C91BC942}") = "Sample_VolumeTex", "Samples\VolumeTex\Sample_VolumeTex.vcxproj", "{1A0EA572-46F3-44F6-A9A8-D2500DDFA74C}"
	ProjectSection(ProjectDependencies) = postProject
		{30C0D547-9E43-4561-899D-6B4A770FFCDE} = {30C0D547-9E43-4561-899D-6B4A770FFCDE}
	EndProjectSection
EndProject
Project("{8BC9CEB8-8B4A-11D0-8D11-00A0C91BC942}") = "Sample_Water", "Samples\Water\Sample_Water.vcxproj", "{72849293-7F3E-45C3-A31A-F44F7A95F659}"
	ProjectSection(ProjectDependencies) = postProject
		{30C0D547-9E43-4561-899D-6B4A770FFCDE} = {30C0D547-9E43-4561-899D-6B4A770FFCDE}
	EndProjectSection
EndProject
Global
	GlobalSection(SolutionConfigurationPlatforms) = preSolution
		Debug|Win32 = Debug|Win32
		Release|Win32 = Release|Win32
	EndGlobalSection
	GlobalSection(ProjectConfigurationPlatforms) = postSolution
		{77B20D7C-7D60-4CBA-887F-F8C3C3EA2D3D}.Debug|Win32.ActiveCfg = Debug|Win32
		{77B20D7C-7D60-4CBA-887F-F8C3C3EA2D3D}.Release|Win32.ActiveCfg = Release|Win32
		{C976F6A0-D880-4E41-9574-7229A7BDCDFC}.Debug|Win32.ActiveCfg = Debug|Win32
		{C976F6A0-D880-4E41-9574-7229A7BDCDFC}.Debug|Win32.Build.0 = Debug|Win32
		{C976F6A0-D880-4E41-9574-7229A7BDCDFC}.Release|Win32.ActiveCfg = Release|Win32
		{C976F6A0-D880-4E41-9574-7229A7BDCDFC}.Release|Win32.Build.0 = Release|Win32
		{3E4779C3-C89E-4B7F-AD83-28251B317415}.Debug|Win32.ActiveCfg = Debug|Win32
		{3E4779C3-C89E-4B7F-AD83-28251B317415}.Debug|Win32.Build.0 = Debug|Win32
		{3E4779C3-C89E-4B7F-AD83-28251B317415}.Release|Win32.ActiveCfg = Release|Win32
		{3E4779C3-C89E-4B7F-AD83-28251B317415}.Release|Win32.Build.0 = Release|Win32
		{432F4496-2E7F-4355-BFC8-20AAC78B41E8}.Debug|Win32.ActiveCfg = Debug|Win32
		{432F4496-2E7F-4355-BFC8-20AAC78B41E8}.Debug|Win32.Build.0 = Debug|Win32
		{432F4496-2E7F-4355-BFC8-20AAC78B41E8}.Release|Win32.ActiveCfg = Release|Win32
		{432F4496-2E7F-4355-BFC8-20AAC78B41E8}.Release|Win32.Build.0 = Release|Win32
		{1C1CFA83-52B2-4688-AEDF-846A79BADABF}.Debug|Win32.ActiveCfg = Debug|Win32
		{1C1CFA83-52B2-4688-AEDF-846A79BADABF}.Debug|Win32.Build.0 = Debug|Win32
		{1C1CFA83-52B2-4688-AEDF-846A79BADABF}.Release|Win32.ActiveCfg = Release|Win32
		{1C1CFA83-52B2-4688-AEDF-846A79BADABF}.Release|Win32.Build.0 = Release|Win32
		{0BD752AA-1CA9-4CD3-84B4-697B2F3FDDF7}.Debug|Win32.ActiveCfg = Debug|Win32
		{0BD752AA-1CA9-4CD3-84B4-697B2F3FDDF7}.Debug|Win32.Build.0 = Debug|Win32
		{0BD752AA-1CA9-4CD3-84B4-697B2F3FDDF7}.Release|Win32.ActiveCfg = Release|Win32
		{0BD752AA-1CA9-4CD3-84B4-697B2F3FDDF7}.Release|Win32.Build.0 = Release|Win32
		{88D64594-EA43-4DAB-84B2-5E74D0619EA8}.Debug|Win32.ActiveCfg = Debug|Win32
		{88D64594-EA43-4DAB-84B2-5E74D0619EA8}.Debug|Win32.Build.0 = Debug|Win32
		{88D64594-EA43-4DAB-84B2-5E74D0619EA8}.Release|Win32.ActiveCfg = Release|Win32
		{88D64594-EA43-4DAB-84B2-5E74D0619EA8}.Release|Win32.Build.0 = Release|Win32
		{FCB5761D-CEA3-4E00-8C5C-DC2694004DF7}.Debug|Win32.ActiveCfg = Debug|Win32
		{FCB5761D-CEA3-4E00-8C5C-DC2694004DF7}.Debug|Win32.Build.0 = Debug|Win32
		{FCB5761D-CEA3-4E00-8C5C-DC2694004DF7}.Release|Win32.ActiveCfg = Release|Win32
		{FCB5761D-CEA3-4E00-8C5C-DC2694004DF7}.Release|Win32.Build.0 = Release|Win32
		{7717C2F6-3A51-40AE-8D36-F72C803DD12B}.Debug|Win32.ActiveCfg = Debug|Win32
		{7717C2F6-3A51-40AE-8D36-F72C803DD12B}.Debug|Win32.Build.0 = Debug|Win32
		{7717C2F6-3A51-40AE-8D36-F72C803DD12B}.Release|Win32.ActiveCfg = Release|Win32
		{7717C2F6-3A51-40AE-8D36-F72C803DD12B}.Release|Win32.Build.0 = Release|Win32
		{60BCD09E-69C5-4A31-A2AA-ED2416F27ADC}.Debug|Win32.ActiveCfg = Debug|Win32
		{60BCD09E-69C5-4A31-A2AA-ED2416F27ADC}.Debug|Win32.Build.0 = Debug|Win32
		{60BCD09E-69C5-4A31-A2AA-ED2416F27ADC}.Release|Win32.ActiveCfg = Release|Win32
		{60BCD09E-69C5-4A31-A2AA-ED2416F27ADC}.Release|Win32.Build.0 = Release|Win32
		{86B03F64-B72C-4CEE-BEEE-18128CD77145}.Debug|Win32.ActiveCfg = Debug|Win32
		{86B03F64-B72C-4CEE-BEEE-18128CD77145}.Debug|Win32.Build.0 = Debug|Win32
		{86B03F64-B72C-4CEE-BEEE-18128CD77145}.Release|Win32.ActiveCfg = Release|Win32
		{86B03F64-B72C-4CEE-BEEE-18128CD77145}.Release|Win32.Build.0 = Release|Win32
		{037B418E-8E93-4769-B810-6BFF3CA6B4EE}.Debug|Win32.ActiveCfg = Debug|Win32
		{037B418E-8E93-4769-B810-6BFF3CA6B4EE}.Debug|Win32.Build.0 = Debug|Win32
		{037B418E-8E93-4769-B810-6BFF3CA6B4EE}.Release|Win32.ActiveCfg = Release|Win32
		{037B418E-8E93-4769-B810-6BFF3CA6B4EE}.Release|Win32.Build.0 = Release|Win32
		{152114B5-945D-4E34-9007-1337B0B51E91}.Debug|Win32.ActiveCfg = Debug|Win32
		{152114B5-945D-4E34-9007-1337B0B51E91}.Debug|Win32.Build.0 = Debug|Win32
		{152114B5-945D-4E34-9007-1337B0B51E91}.Release|Win32.ActiveCfg = Release|Win32
		{152114B5-945D-4E34-9007-1337B0B51E91}.Release|Win32.Build.0 = Release|Win32
		{8C72C676-C19B-4A0D-9DD1-6CF0C345D53E}.Debug|Win32.ActiveCfg = Debug|Win32
		{8C72C676-C19B-4A0D-9DD1-6CF0C345D53E}.Debug|Win32.Build.0 = Debug|Win32
		{8C72C676-C19B-4A0D-9DD1-6CF0C345D53E}.Release|Win32.ActiveCfg = Release|Win32
		{8C72C676-C19B-4A0D-9DD1-6CF0C345D53E}.Release|Win32.Build.0 = Release|Win32
		{6C1B326D-99E1-4320-A853-699300E85E18}.Debug|Win32.ActiveCfg = Debug|Win32
		{6C1B326D-99E1-4320-A853-699300E85E18}.Debug|Win32.Build.0 = Debug|Win32
		{6C1B326D-99E1-4320-A853-699300E85E18}.Release|Win32.ActiveCfg = Release|Win32
		{6C1B326D-99E1-4320-A853-699300E85E18}.Release|Win32.Build.0 = Release|Win32
		{0E07A93B-E6C0-474D-84E2-A9206743924D}.Debug|Win32.ActiveCfg = Debug|Win32
		{0E07A93B-E6C0-474D-84E2-A9206743924D}.Debug|Win32.Build.0 = Debug|Win32
		{0E07A93B-E6C0-474D-84E2-A9206743924D}.Release|Win32.ActiveCfg = Release|Win32
		{0E07A93B-E6C0-474D-84E2-A9206743924D}.Release|Win32.Build.0 = Release|Win32
		{03EE9987-1DC6-4E97-B784-0BC782C60AB7}.Debug|Win32.ActiveCfg = Debug|Win32
		{03EE9987-1DC6-4E97-B784-0BC782C60AB7}.Debug|Win32.Build.0 = Debug|Win32
		{03EE9987-1DC6-4E97-B784-0BC782C60AB7}.Release|Win32.ActiveCfg = Release|Win32
		{03EE9987-1DC6-4E97-B784-0BC782C60AB7}.Release|Win32.Build.0 = Release|Win32
		{EEE4A7FB-5C58-4584-91EA-4B1FD87D3E09}.Debug|Win32.ActiveCfg = Debug|Win32
		{EEE4A7FB-5C58-4584-91EA-4B1FD87D3E09}.Debug|Win32.Build.0 = Debug|Win32
		{EEE4A7FB-5C58-4584-91EA-4B1FD87D3E09}.Release|Win32.ActiveCfg = Release|Win32
		{EEE4A7FB-5C58-4584-91EA-4B1FD87D3E09}.Release|Win32.Build.0 = Release|Win32
		{6A7FC3F2-09D9-4879-8831-FC20F09C79FF}.Debug|Win32.ActiveCfg = Debug|Win32
		{6A7FC3F2-09D9-4879-8831-FC20F09C79FF}.Debug|Win32.Build.0 = Debug|Win32
		{6A7FC3F2-09D9-4879-8831-FC20F09C79FF}.Release|Win32.ActiveCfg = Release|Win32
		{6A7FC3F2-09D9-4879-8831-FC20F09C79FF}.Release|Win32.Build.0 = Release|Win32
		{4FDD39B6-9BD7-44D9-8037-5C0CE42FF30E}.Debug|Win32.ActiveCfg = Debug|Win32
		{4FDD39B6-9BD7-44D9-8037-5C0CE42FF30E}.Debug|Win32.Build.0 = Debug|Win32
		{4FDD39B6-9BD7-44D9-8037-5C0CE42FF30E}.Release|Win32.ActiveCfg = Release|Win32
		{4FDD39B6-9BD7-44D9-8037-5C0CE42FF30E}.Release|Win32.Build.0 = Release|Win32
		{79721362-0FCC-4991-9A93-0CB9C57586D4}.Debug|Win32.ActiveCfg = Debug|Win32
		{79721362-0FCC-4991-9A93-0CB9C57586D4}.Debug|Win32.Build.0 = Debug|Win32
		{79721362-0FCC-4991-9A93-0CB9C57586D4}.Release|Win32.ActiveCfg = Release|Win32
		{79721362-0FCC-4991-9A93-0CB9C57586D4}.Release|Win32.Build.0 = Release|Win32
		{F7671C3D-C296-4159-B23E-7039D6241BF9}.Debug|Win32.ActiveCfg = Debug|Win32
		{F7671C3D-C296-4159-B23E-7039D6241BF9}.Debug|Win32.Build.0 = Debug|Win32
		{F7671C3D-C296-4159-B23E-7039D6241BF9}.Release|Win32.ActiveCfg = Release|Win32
		{F7671C3D-C296-4159-B23E-7039D6241BF9}.Release|Win32.Build.0 = Release|Win32
		{8262CE12-520E-4570-8942-A98B8E8889DB}.Debug|Win32.ActiveCfg = Debug|Win32
		{8262CE12-520E-4570-8942-A98B8E8889DB}.Debug|Win32.Build.0 = Debug|Win32
		{8262CE12-520E-4570-8942-A98B8E8889DB}.Release|Win32.ActiveCfg = Release|Win32
		{8262CE12-520E-4570-8942-A98B8E8889DB}.Release|Win32.Build.0 = Release|Win32
		{F1D80B48-06CD-46EE-9209-44B824530A30}.Debug|Win32.ActiveCfg = Debug|Win32
		{F1D80B48-06CD-46EE-9209-44B824530A30}.Debug|Win32.Build.0 = Debug|Win32
		{F1D80B48-06CD-46EE-9209-44B824530A30}.Release|Win32.ActiveCfg = Release|Win32
		{F1D80B48-06CD-46EE-9209-44B824530A30}.Release|Win32.Build.0 = Release|Win32
		{4CA68C89-D1EE-4F93-9B45-B5148F6AE9C9}.Debug|Win32.ActiveCfg = Debug|Win32
		{4CA68C89-D1EE-4F93-9B45-B5148F6AE9C9}.Debug|Win32.Build.0 = Debug|Win32
		{4CA68C89-D1EE-4F93-9B45-B5148F6AE9C9}.Release|Win32.ActiveCfg = Release|Win32
		{4CA68C89-D1EE-4F93-9B45-B5148F6AE9C9}.Release|Win32.Build.0 = Release|Win32
		{46BEF895-5A97-4725-B857-07E485D60C3D}.Debug|Win32.ActiveCfg = Debug|Win32
		{46BEF895-5A97-4725-B857-07E485D60C3D}.Debug|Win32.Build.0 = Debug|Win32
		{46BEF895-5A97-4725-B857-07E485D60C3D}.Release|Win32.ActiveCfg = Release|Win32
		{46BEF895-5A97-4725-B857-07E485D60C3D}.Release|Win32.Build.0 = Release|Win32
		{F215A9EF-206E-4652-AB64-F22B9CFF1D60}.Debug|Win32.ActiveCfg = Debug|Win32
		{F215A9EF-206E-4652-AB64-F22B9CFF1D60}.Debug|Win32.Build.0 = Debug|Win32
		{F215A9EF-206E-4652-AB64-F22B9CFF1D60}.Release|Win32.ActiveCfg = Release|Win32
		{F215A9EF-206E-4652-AB64-F22B9CFF1D60}.Release|Win32.Build.0 = Release|Win32
		{41A7C130-54FF-431F-8264-AA8233C7DB88}.Debug|Win32.ActiveCfg = Debug|Win32
		{41A7C130-54FF-431F-8264-AA8233C7DB88}.Debug|Win32.Build.0 = Debug|Win32
		{41A7C130-54FF-431F-8264-AA8233C7DB88}.Release|Win32.ActiveCfg = Release|Win32
		{41A7C130-54FF-431F-8264-AA8233C7DB88}.Release|Win32.Build.0 = Release|Win32
		{0706C30B-27AC-4E95-B0C1-ED225C90EE05}.Debug|Win32.ActiveCfg = Debug|Win32
		{0706C30B-27AC-4E95-B0C1-ED225C90EE05}.Debug|Win32.Build.0 = Debug|Win32
		{0706C30B-27AC-4E95-B0C1-ED225C90EE05}.Release|Win32.ActiveCfg = Release|Win32
		{0706C30B-27AC-4E95-B0C1-ED225C90EE05}.Release|Win32.Build.0 = Release|Win32
		{41F65785-596E-4812-A3FF-0C97AC5D0B96}.Debug|Win32.ActiveCfg = Debug|Win32
		{41F65785-596E-4812-A3FF-0C97AC5D0B96}.Debug|Win32.Build.0 = Debug|Win32
		{41F65785-596E-4812-A3FF-0C97AC5D0B96}.Release|Win32.ActiveCfg = Release|Win32
		{41F65785-596E-4812-A3FF-0C97AC5D0B96}.Release|Win32.Build.0 = Release|Win32
		{B1B0E3D6-9BDE-4390-8C47-AB26BD18B298}.Debug|Win32.ActiveCfg = Debug|Win32
		{B1B0E3D6-9BDE-4390-8C47-AB26BD18B298}.Debug|Win32.Build.0 = Debug|Win32
		{B1B0E3D6-9BDE-4390-8C47-AB26BD18B298}.Release|Win32.ActiveCfg = Release|Win32
		{B1B0E3D6-9BDE-4390-8C47-AB26BD18B298}.Release|Win32.Build.0 = Release|Win32
		{1B6D7086-B8B1-481C-864A-3B1063C14292}.Debug|Win32.ActiveCfg = Debug|Win32
		{1B6D7086-B8B1-481C-864A-3B1063C14292}.Debug|Win32.Build.0 = Debug|Win32
		{1B6D7086-B8B1-481C-864A-3B1063C14292}.Release|Win32.ActiveCfg = Release|Win32
		{1B6D7086-B8B1-481C-864A-3B1063C14292}.Release|Win32.Build.0 = Release|Win32
		{1A0EA572-46F3-44F6-A9A8-D2500DDFA74C}.Debug|Win32.ActiveCfg = Debug|Win32
		{1A0EA572-46F3-44F6-A9A8-D2500DDFA74C}.Debug|Win32.Build.0 = Debug|Win32
		{1A0EA572-46F3-44F6-A9A8-D2500DDFA74C}.Release|Win32.ActiveCfg = Release|Win32
		{1A0EA572-46F3-44F6-A9A8-D2500DDFA74C}.Release|Win32.Build.0 = Release|Win32
		{72849293-7F3E-45C3-A31A-F44F7A95F659}.Debug|Win32.ActiveCfg = Debug|Win32
		{72849293-7F3E-45C3-A31A-F44F7A95F659}.Debug|Win32.Build.0 = Debug|Win32
		{72849293-7F3E-45C3-A31A-F44F7A95F659}.Release|Win32.ActiveCfg = Release|Win32
		{72849293-7F3E-45C3-A31A-F44F7A95F659}.Release|Win32.Build.0 = Release|Win32
	EndGlobalSection
	GlobalSection(ExtensibilityGlobals) = postSolution
	EndGlobalSection
	GlobalSection(ExtensibilityAddIns) = postSolution
	EndGlobalSection
EndGlobal
